# This file is autogenerated, do not edit; changes may be undone by the next 'dep ensure'.


[[projects]]
  digest = "1:ffe9824d294da03b391f44e1ae8281281b4afc1bdaa9588c9097785e3af10cec"
  name = "github.com/davecgh/go-spew"
  packages = ["spew"]
  pruneopts = "UT"
  revision = "8991bc29aa16c548c550c7ff78260e27b9ab7c73"
  version = "v1.1.1"

[[projects]]
  digest = "1:e62657cca9badaa308d86e7716083e4c5933bb78e30a17743fc67f50be26f6f4"
  name = "github.com/gorilla/websocket"
  packages = ["."]
  pruneopts = "UT"
  revision = "c3e18be99d19e6b3e8f1559eea2c161a665c4b6b"
  version = "v1.4.1"

[[projects]]
  digest = "1:0028cb19b2e4c3112225cd871870f2d9cf49b9b4276531f03438a88e94be86fe"
  name = "github.com/pmezard/go-difflib"
  packages = ["difflib"]
  pruneopts = "UT"
  revision = "792786c7400a136282c1664665ae0a8db921c6c2"
  version = "v1.0.0"

[[projects]]
  digest = "1:ab608230e9dc0db1ac798a638df6a3658170ebe4aa53346ae45af12f85b1c30f"
  name = "github.com/rgamba/evtwebsocket"
  packages = ["."]
  pruneopts = "UT"
  revision = "f226ee483c6cbf8b0e153b76b4285b4c06af3006"
  version = "1.0"

[[projects]]
  branch = "master"
  digest = "1:3763511b38744179c12c34edd3a0694bdfe653f5f5a509a02e600c90ce3593f3"
  name = "github.com/sacOO7/go-logger"
  packages = ["."]
  pruneopts = "UT"
  revision = "9ac9add5a50dd3649add2c4e1edaeade5c5afed7"

[[projects]]
  branch = "master"
  digest = "1:931feb87c76bd3d646a97e958e1573f2bf0a4443b06c329ac339b24050653ca6"
  name = "github.com/sacOO7/gowebsocket"
  packages = ["."]
  pruneopts = "UT"
  revision = "1436bb906a4e8e77e1ac1c2b4934444f77900c7f"

[[projects]]
  digest = "1:5e8f46b412421d2d6cceea845d28ac46f3f5a5f60a6e86f0ee75e24fd43a02a9"
  name = "github.com/stretchr/testify"
  packages = ["assert"]
  pruneopts = "UT"
  revision = "3ebf1ddaeb260c4b1ae502a01c7844fa8c1fa0e9"
  version = "v1.5.1"

[[projects]]
  branch = "master"
  digest = "1:7d9f75ab9c0f1fd097d3213059c545392f17189bad556640b31fb4c958dd473b"
  name = "golang.org/x/net"
  packages = ["websocket"]
  pruneopts = "UT"
  revision = "0de0cce0169b09b364e001f108dc0399ea8630b3"

[[projects]]
  digest = "1:55b110c99c5fdc4f14930747326acce56b52cfce60b24b1c03ef686ac0e46bb1"
  name = "gopkg.in/yaml.v2"
  packages = ["."]
  pruneopts = "UT"
  revision = "53403b58ad1b561927d19068c655246f2db79d48"
  version = "v2.2.8"

[solve-meta]
  analyzer-name = "dep"
  analyzer-version = 1
  input-imports = [
    "github.com/rgamba/evtwebsocket",
    "github.com/sacOO7/go-logger",
    "github.com/sacOO7/gowebsocket",
    "github.com/stretchr/testify/assert",
    "golang.org/x/net/websocket",
  ]
  solver-name = "gps-cdcl"
  solver-version = 1
